
Microsoft Visual Studio Solution File, Format Version 12.00
# Visual Studio Version 16
VisualStudioVersion = 16.0.33529.622
MinimumVisualStudioVersion = 10.0.40219.1
Project("{FAE04EC0-301F-11D3-BF4B-00C04F79EFBC}") = "LabTask22", "LabTask22\LabTask22.csproj", "{6FF3E93A-BC29-446F-8927-5F83C8CD66E2}"
EndProject
Global
	GlobalSection(SolutionConfigurationPlatforms) = preSolution
		Debug|Any CPU = Debug|Any CPU
		Release|Any CPU = Release|Any CPU
	EndGlobalSection
	GlobalSection(ProjectConfigurationPlatforms) = postSolution
		{6FF3E93A-BC29-446F-8927-5F83C8CD66E2}.Debug|Any CPU.ActiveCfg = Debug|Any CPU
		{6FF3E93A-BC29-446F-8927-5F83C8CD66E2}.Debug|Any CPU.Build.0 = Debug|Any CPU
		{6FF3E93A-BC29-446F-8927-5F83C8CD66E2}.Release|Any CPU.ActiveCfg = Release|Any CPU
		{6FF3E93A-BC29-446F-8927-5F83C8CD66E2}.Release|Any CPU.Build.0 = Release|Any CPU
	EndGlobalSection
	GlobalSection(SolutionProperties) = preSolution
		HideSolutionNode = FALSE
	EndGlobalSection
	GlobalSection(ExtensibilityGlobals) = postSolution
		SolutionGuid = {72BF3DBA-8D91-4DC9-943E-3C618AC991FA}
	EndGlobalSection
EndGlobal
