
Microsoft Visual Studio Solution File, Format Version 12.00
# Visual Studio Version 16
VisualStudioVersion = 16.0.33529.622
MinimumVisualStudioVersion = 10.0.40219.1
Project("{FAE04EC0-301F-11D3-BF4B-00C04F79EFBC}") = "LabTask21", "LabTask21\LabTask21.csproj", "{C0214963-F29A-4BBF-A72A-7443A87E0F0F}"
EndProject
Global
	GlobalSection(SolutionConfigurationPlatforms) = preSolution
		Debug|Any CPU = Debug|Any CPU
		Release|Any CPU = Release|Any CPU
	EndGlobalSection
	GlobalSection(ProjectConfigurationPlatforms) = postSolution
		{C0214963-F29A-4BBF-A72A-7443A87E0F0F}.Debug|Any CPU.ActiveCfg = Debug|Any CPU
		{C0214963-F29A-4BBF-A72A-7443A87E0F0F}.Debug|Any CPU.Build.0 = Debug|Any CPU
		{C0214963-F29A-4BBF-A72A-7443A87E0F0F}.Release|Any CPU.ActiveCfg = Release|Any CPU
		{C0214963-F29A-4BBF-A72A-7443A87E0F0F}.Release|Any CPU.Build.0 = Release|Any CPU
	EndGlobalSection
	GlobalSection(SolutionProperties) = preSolution
		HideSolutionNode = FALSE
	EndGlobalSection
	GlobalSection(ExtensibilityGlobals) = postSolution
		SolutionGuid = {C7FEA036-C649-4EFC-B4DF-6660C4B4310E}
	EndGlobalSection
EndGlobal
